// !$*UTF8*$!
{
	archiveVersion = 1;
	classes = {
	};
	objectVersion = 56;
	objects = {

/* Begin PBXBuildFile section */
		9246A06E2A950E07009D995E /* miaApp.swift in Sources */ = {isa = PBXBuildFile; fileRef = 9246A06D2A950E07009D995E /* miaApp.swift */; };
		9246A0702A950E07009D995E /* ContentView.swift in Sources */ = {isa = PBXBuildFile; fileRef = 9246A06F2A950E07009D995E /* ContentView.swift */; };
		9246A0722A950E08009D995E /* Assets.xcassets in Resources */ = {isa = PBXBuildFile; fileRef = 9246A0712A950E08009D995E /* Assets.xcassets */; };
		9246A0762A950E08009D995E /* Preview Assets.xcassets in Resources */ = {isa = PBXBuildFile; fileRef = 9246A0752A950E08009D995E /* Preview Assets.xcassets */; };
		9246A0802A950E09009D995E /* miaTests.swift in Sources */ = {isa = PBXBuildFile; fileRef = 9246A07F2A950E09009D995E /* miaTests.swift */; };
		9246A08A2A950E09009D995E /* miaUITests.swift in Sources */ = {isa = PBXBuildFile; fileRef = 9246A0892A950E09009D995E /* miaUITests.swift */; };
		9246A08C2A950E09009D995E /* miaUITestsLaunchTests.swift in Sources */ = {isa = PBXBuildFile; fileRef = 9246A08B2A950E09009D995E /* miaUITestsLaunchTests.swift */; };
		D9CBE7C92AAEB9180090F5F6 /* Theme.swift in Sources */ = {isa = PBXBuildFile; fileRef = D9CBE7C82AAEB9180090F5F6 /* Theme.swift */; };
		D9CBE7CB2AAEBC890090F5F6 /* DailyScrum.swift in Sources */ = {isa = PBXBuildFile; fileRef = D9CBE7CA2AAEBC890090F5F6 /* DailyScrum.swift */; };
		D9CBE7CD2AAEC2720090F5F6 /* CardView.swift in Sources */ = {isa = PBXBuildFile; fileRef = D9CBE7CC2AAEC2720090F5F6 /* CardView.swift */; };
		D9CBE7CF2AAEE7880090F5F6 /* TrailingIconLabelStyle.swift in Sources */ = {isa = PBXBuildFile; fileRef = D9CBE7CE2AAEE7880090F5F6 /* TrailingIconLabelStyle.swift */; };
/* End PBXBuildFile section */

/* Begin PBXContainerItemProxy section */
		9246A07C2A950E09009D995E /* PBXContainerItemProxy */ = {
			isa = PBXContainerItemProxy;
			containerPortal = 9246A0622A950E07009D995E /* Project object */;
			proxyType = 1;
			remoteGlobalIDString = 9246A0692A950E07009D995E;
			remoteInfo = mia;
		};
		9246A0862A950E09009D995E /* PBXContainerItemProxy */ = {
			isa = PBXContainerItemProxy;
			containerPortal = 9246A0622A950E07009D995E /* Project object */;
			proxyType = 1;
			remoteGlobalIDString = 9246A0692A950E07009D995E;
			remoteInfo = mia;
		};
/* End PBXContainerItemProxy section */

/* Begin PBXFileReference section */
		9246A06A2A950E07009D995E /* mia.app */ = {isa = PBXFileReference; explicitFileType = wrapper.application; includeInIndex = 0; path = mia.app; sourceTree = BUILT_PRODUCTS_DIR; };
		9246A06D2A950E07009D995E /* miaApp.swift */ = {isa = PBXFileReference; lastKnownFileType = sourcecode.swift; path = miaApp.swift; sourceTree = "<group>"; };
		9246A06F2A950E07009D995E /* ContentView.swift */ = {isa = PBXFileReference; lastKnownFileType = sourcecode.swift; path = ContentView.swift; sourceTree = "<group>"; };
		9246A0712A950E08009D995E /* Assets.xcassets */ = {isa = PBXFileReference; lastKnownFileType = folder.assetcatalog; path = Assets.xcassets; sourceTree = "<group>"; };
		9246A0732A950E08009D995E /* mia.entitlements */ = {isa = PBXFileReference; lastKnownFileType = text.plist.entitlements; path = mia.entitlements; sourceTree = "<group>"; };
		9246A0752A950E08009D995E /* Preview Assets.xcassets */ = {isa = PBXFileReference; lastKnownFileType = folder.assetcatalog; path = "Preview Assets.xcassets"; sourceTree = "<group>"; };
		9246A07B2A950E09009D995E /* miaTests.xctest */ = {isa = PBXFileReference; explicitFileType = wrapper.cfbundle; includeInIndex = 0; path = miaTests.xctest; sourceTree = BUILT_PRODUCTS_DIR; };
		9246A07F2A950E09009D995E /* miaTests.swift */ = {isa = PBXFileReference; lastKnownFileType = sourcecode.swift; path = miaTests.swift; sourceTree = "<group>"; };
		9246A0852A950E09009D995E /* miaUITests.xctest */ = {isa = PBXFileReference; explicitFileType = wrapper.cfbundle; includeInIndex = 0; path = miaUITests.xctest; sourceTree = BUILT_PRODUCTS_DIR; };
		9246A0892A950E09009D995E /* miaUITests.swift */ = {isa = PBXFileReference; lastKnownFileType = sourcecode.swift; path = miaUITests.swift; sourceTree = "<group>"; };
		9246A08B2A950E09009D995E /* miaUITestsLaunchTests.swift */ = {isa = PBXFileReference; lastKnownFileType = sourcecode.swift; path = miaUITestsLaunchTests.swift; sourceTree = "<group>"; };
		D9CBE7C82AAEB9180090F5F6 /* Theme.swift */ = {isa = PBXFileReference; lastKnownFileType = sourcecode.swift; path = Theme.swift; sourceTree = "<group>"; };
		D9CBE7CA2AAEBC890090F5F6 /* DailyScrum.swift */ = {isa = PBXFileReference; lastKnownFileType = sourcecode.swift; path = DailyScrum.swift; sourceTree = "<group>"; };
		D9CBE7CC2AAEC2720090F5F6 /* CardView.swift */ = {isa = PBXFileReference; lastKnownFileType = sourcecode.swift; path = CardView.swift; sourceTree = "<group>"; };
		D9CBE7CE2AAEE7880090F5F6 /* TrailingIconLabelStyle.swift */ = {isa = PBXFileReference; lastKnownFileType = sourcecode.swift; path = TrailingIconLabelStyle.swift; sourceTree = "<group>"; };
/* End PBXFileReference section */

/* Begin PBXFrameworksBuildPhase section */
		9246A0672A950E07009D995E /* Frameworks */ = {
			isa = PBXFrameworksBuildPhase;
			buildActionMask = 2147483647;
			files = (
			);
			runOnlyForDeploymentPostprocessing = 0;
		};
		9246A0782A950E09009D995E /* Frameworks */ = {
			isa = PBXFrameworksBuildPhase;
			buildActionMask = 2147483647;
			files = (
			);
			runOnlyForDeploymentPostprocessing = 0;
		};
		9246A0822A950E09009D995E /* Frameworks */ = {
			isa = PBXFrameworksBuildPhase;
			buildActionMask = 2147483647;
			files = (
			);
			runOnlyForDeploymentPostprocessing = 0;
		};
/* End PBXFrameworksBuildPhase section */

/* Begin PBXGroup section */
		9246A0612A950E07009D995E = {
			isa = PBXGroup;
			children = (
				9246A06C2A950E07009D995E /* mia */,
				9246A07E2A950E09009D995E /* miaTests */,
				9246A0882A950E09009D995E /* miaUITests */,
				9246A06B2A950E07009D995E /* Products */,
			);
			sourceTree = "<group>";
		};
		9246A06B2A950E07009D995E /* Products */ = {
			isa = PBXGroup;
			children = (
				9246A06A2A950E07009D995E /* mia.app */,
				9246A07B2A950E09009D995E /* miaTests.xctest */,
				9246A0852A950E09009D995E /* miaUITests.xctest */,
			);
			name = Products;
			sourceTree = "<group>";
		};
		9246A06C2A950E07009D995E /* mia */ = {
			isa = PBXGroup;
			children = (
				D9CBE7C72AAEB8F40090F5F6 /* Models */,
				9246A06D2A950E07009D995E /* miaApp.swift */,
				9246A06F2A950E07009D995E /* ContentView.swift */,
				9246A0712A950E08009D995E /* Assets.xcassets */,
				9246A0732A950E08009D995E /* mia.entitlements */,
				9246A0742A950E08009D995E /* Preview Content */,
			);
			path = mia;
			sourceTree = "<group>";
		};
		9246A0742A950E08009D995E /* Preview Content */ = {
			isa = PBXGroup;
			children = (
				9246A0752A950E08009D995E /* Preview Assets.xcassets */,
			);
			path = "Preview Content";
			sourceTree = "<group>";
		};
		9246A07E2A950E09009D995E /* miaTests */ = {
			isa = PBXGroup;
			children = (
				9246A07F2A950E09009D995E /* miaTests.swift */,
			);
			path = miaTests;
			sourceTree = "<group>";
		};
		9246A0882A950E09009D995E /* miaUITests */ = {
			isa = PBXGroup;
			children = (
				9246A0892A950E09009D995E /* miaUITests.swift */,
				9246A08B2A950E09009D995E /* miaUITestsLaunchTests.swift */,
			);
			path = miaUITests;
			sourceTree = "<group>";
		};
		D9CBE7C72AAEB8F40090F5F6 /* Models */ = {
			isa = PBXGroup;
			children = (
				D9CBE7C82AAEB9180090F5F6 /* Theme.swift */,
				D9CBE7CA2AAEBC890090F5F6 /* DailyScrum.swift */,
				D9CBE7CC2AAEC2720090F5F6 /* CardView.swift */,
				D9CBE7CE2AAEE7880090F5F6 /* TrailingIconLabelStyle.swift */,
			);
			path = Models;
			sourceTree = "<group>";
		};
/* End PBXGroup section */

/* Begin PBXNativeTarget section */
		9246A0692A950E07009D995E /* mia */ = {
			isa = PBXNativeTarget;
			buildConfigurationList = 9246A08F2A950E09009D995E /* Build configuration list for PBXNativeTarget "mia" */;
			buildPhases = (
				9246A0662A950E07009D995E /* Sources */,
				9246A0672A950E07009D995E /* Frameworks */,
				9246A0682A950E07009D995E /* Resources */,
			);
			buildRules = (
			);
			dependencies = (
			);
			name = mia;
			productName = mia;
			productReference = 9246A06A2A950E07009D995E /* mia.app */;
			productType = "com.apple.product-type.application";
		};
		9246A07A2A950E09009D995E /* miaTests */ = {
			isa = PBXNativeTarget;
			buildConfigurationList = 9246A0922A950E09009D995E /* Build configuration list for PBXNativeTarget "miaTests" */;
			buildPhases = (
				9246A0772A950E09009D995E /* Sources */,
				9246A0782A950E09009D995E /* Frameworks */,
				9246A0792A950E09009D995E /* Resources */,
			);
			buildRules = (
			);
			dependencies = (
				9246A07D2A950E09009D995E /* PBXTargetDependency */,
			);
			name = miaTests;
			productName = miaTests;
			productReference = 9246A07B2A950E09009D995E /* miaTests.xctest */;
			productType = "com.apple.product-type.bundle.unit-test";
		};
		9246A0842A950E09009D995E /* miaUITests */ = {
			isa = PBXNativeTarget;
			buildConfigurationList = 9246A0952A950E09009D995E /* Build configuration list for PBXNativeTarget "miaUITests" */;
			buildPhases = (
				9246A0812A950E09009D995E /* Sources */,
				9246A0822A950E09009D995E /* Frameworks */,
				9246A0832A950E09009D995E /* Resources */,
			);
			buildRules = (
			);
			dependencies = (
				9246A0872A950E09009D995E /* PBXTargetDependency */,
			);
			name = miaUITests;
			productName = miaUITests;
			productReference = 9246A0852A950E09009D995E /* miaUITests.xctest */;
			productType = "com.apple.product-type.bundle.ui-testing";
		};
/* End PBXNativeTarget section */

/* Begin PBXProject section */
		9246A0622A950E07009D995E /* Project object */ = {
			isa = PBXProject;
			attributes = {
				BuildIndependentTargetsInParallel = 1;
				LastSwiftUpdateCheck = 1430;
				LastUpgradeCheck = 1430;
				TargetAttributes = {
					9246A0692A950E07009D995E = {
						CreatedOnToolsVersion = 14.3.1;
					};
					9246A07A2A950E09009D995E = {
						CreatedOnToolsVersion = 14.3.1;
						TestTargetID = 9246A0692A950E07009D995E;
					};
					9246A0842A950E09009D995E = {
						CreatedOnToolsVersion = 14.3.1;
						TestTargetID = 9246A0692A950E07009D995E;
					};
				};
			};
			buildConfigurationList = 9246A0652A950E07009D995E /* Build configuration list for PBXProject "mia" */;
			compatibilityVersion = "Xcode 14.0";
			developmentRegion = en;
			hasScannedForEncodings = 0;
			knownRegions = (
				en,
				Base,
			);
			mainGroup = 9246A0612A950E07009D995E;
			productRefGroup = 9246A06B2A950E07009D995E /* Products */;
			projectDirPath = "";
			projectRoot = "";
			targets = (
				9246A0692A950E07009D995E /* mia */,
				9246A07A2A950E09009D995E /* miaTests */,
				9246A0842A950E09009D995E /* miaUITests */,
			);
		};
/* End PBXProject section */

/* Begin PBXResourcesBuildPhase section */
		9246A0682A950E07009D995E /* Resources */ = {
			isa = PBXResourcesBuildPhase;
			buildActionMask = 2147483647;
			files = (
				9246A0762A950E08009D995E /* Preview Assets.xcassets in Resources */,
				9246A0722A950E08009D995E /* Assets.xcassets in Resources */,
			);
			runOnlyForDeploymentPostprocessing = 0;
		};
		9246A0792A950E09009D995E /* Resources */ = {
			isa = PBXResourcesBuildPhase;
			buildActionMask = 2147483647;
			files = (
			);
			runOnlyForDeploymentPostprocessing = 0;
		};
		9246A0832A950E09009D995E /* Resources */ = {
			isa = PBXResourcesBuildPhase;
			buildActionMask = 2147483647;
			files = (
			);
			runOnlyForDeploymentPostprocessing = 0;
		};
/* End PBXResourcesBuildPhase section */

/* Begin PBXSourcesBuildPhase section */
		9246A0662A950E07009D995E /* Sources */ = {
			isa = PBXSourcesBuildPhase;
			buildActionMask = 2147483647;
			files = (
				D9CBE7CB2AAEBC890090F5F6 /* DailyScrum.swift in Sources */,
				D9CBE7CF2AAEE7880090F5F6 /* TrailingIconLabelStyle.swift in Sources */,
				D9CBE7C92AAEB9180090F5F6 /* Theme.swift in Sources */,
				9246A0702A950E07009D995E /* ContentView.swift in Sources */,
				9246A06E2A950E07009D995E /* miaApp.swift in Sources */,
				D9CBE7CD2AAEC2720090F5F6 /* CardView.swift in Sources */,
			);
			runOnlyForDeploymentPostprocessing = 0;
		};
		9246A0772A950E09009D995E /* Sources */ = {
			isa = PBXSourcesBuildPhase;
			buildActionMask = 2147483647;
			files = (
				9246A0802A950E09009D995E /* miaTests.swift in Sources */,
			);
			runOnlyForDeploymentPostprocessing = 0;
		};
		9246A0812A950E09009D995E /* Sources */ = {
			isa = PBXSourcesBuildPhase;
			buildActionMask = 2147483647;
			files = (
				9246A08C2A950E09009D995E /* miaUITestsLaunchTests.swift in Sources */,
				9246A08A2A950E09009D995E /* miaUITests.swift in Sources */,
			);
			runOnlyForDeploymentPostprocessing = 0;
		};
/* End PBXSourcesBuildPhase section */

/* Begin PBXTargetDependency section */
		9246A07D2A950E09009D995E /* PBXTargetDependency */ = {
			isa = PBXTargetDependency;
			target = 9246A0692A950E07009D995E /* mia */;
			targetProxy = 9246A07C2A950E09009D995E /* PBXContainerItemProxy */;
		};
		9246A0872A950E09009D995E /* PBXTargetDependency */ = {
			isa = PBXTargetDependency;
			target = 9246A0692A950E07009D995E /* mia */;
			targetProxy = 9246A0862A950E09009D995E /* PBXContainerItemProxy */;
		};
/* End PBXTargetDependency section */

/* Begin XCBuildConfiguration section */
		9246A08D2A950E09009D995E /* Debug */ = {
			isa = XCBuildConfiguration;
			buildSettings = {
				ALWAYS_SEARCH_USER_PATHS = NO;
				CLANG_ANALYZER_NONNULL = YES;
				CLANG_ANALYZER_NUMBER_OBJECT_CONVERSION = YES_AGGRESSIVE;
				CLANG_CXX_LANGUAGE_STANDARD = "gnu++20";
				CLANG_ENABLE_MODULES = YES;
				CLANG_ENABLE_OBJC_ARC = YES;
				CLANG_ENABLE_OBJC_WEAK = YES;
				CLANG_WARN_BLOCK_CAPTURE_AUTORELEASING = YES;
				CLANG_WARN_BOOL_CONVERSION = YES;
				CLANG_WARN_COMMA = YES;
				CLANG_WARN_CONSTANT_CONVERSION = YES;
				CLANG_WARN_DEPRECATED_OBJC_IMPLEMENTATIONS = YES;
				CLANG_WARN_DIRECT_OBJC_ISA_USAGE = YES_ERROR;
				CLANG_WARN_DOCUMENTATION_COMMENTS = YES;
				CLANG_WARN_EMPTY_BODY = YES;
				CLANG_WARN_ENUM_CONVERSION = YES;
				CLANG_WARN_INFINITE_RECURSION = YES;
				CLANG_WARN_INT_CONVERSION = YES;
				CLANG_WARN_NON_LITERAL_NULL_CONVERSION = YES;
				CLANG_WARN_OBJC_IMPLICIT_RETAIN_SELF = YES;
				CLANG_WARN_OBJC_LITERAL_CONVERSION = YES;
				CLANG_WARN_OBJC_ROOT_CLASS = YES_ERROR;
				CLANG_WARN_QUOTED_INCLUDE_IN_FRAMEWORK_HEADER = YES;
				CLANG_WARN_RANGE_LOOP_ANALYSIS = YES;
				CLANG_WARN_STRICT_PROTOTYPES = YES;
				CLANG_WARN_SUSPICIOUS_MOVE = YES;
				CLANG_WARN_UNGUARDED_AVAILABILITY = YES_AGGRESSIVE;
				CLANG_WARN_UNREACHABLE_CODE = YES;
				CLANG_WARN__DUPLICATE_METHOD_MATCH = YES;
				COPY_PHASE_STRIP = NO;
				DEBUG_INFORMATION_FORMAT = dwarf;
				ENABLE_STRICT_OBJC_MSGSEND = YES;
				ENABLE_TESTABILITY = YES;
				GCC_C_LANGUAGE_STANDARD = gnu11;
				GCC_DYNAMIC_NO_PIC = NO;
				GCC_NO_COMMON_BLOCKS = YES;
				GCC_OPTIMIZATION_LEVEL = 0;
				GCC_PREPROCESSOR_DEFINITIONS = (
					"DEBUG=1",
					"$(inherited)",
				);
				GCC_WARN_64_TO_32_BIT_CONVERSION = YES;
				GCC_WARN_ABOUT_RETURN_TYPE = YES_ERROR;
				GCC_WARN_UNDECLARED_SELECTOR = YES;
				GCC_WARN_UNINITIALIZED_AUTOS = YES_AGGRESSIVE;
				GCC_WARN_UNUSED_FUNCTION = YES;
				GCC_WARN_UNUSED_VARIABLE = YES;
				MTL_ENABLE_DEBUG_INFO = INCLUDE_SOURCE;
				MTL_FAST_MATH = YES;
				ONLY_ACTIVE_ARCH = YES;
				SWIFT_ACTIVE_COMPILATION_CONDITIONS = DEBUG;
				SWIFT_OPTIMIZATION_LEVEL = "-Onone";
			};
			name = Debug;
		};
		9246A08E2A950E09009D995E /* Release */ = {
			isa = XCBuildConfiguration;
			buildSettings = {
				ALWAYS_SEARCH_USER_PATHS = NO;
				CLANG_ANALYZER_NONNULL = YES;
				CLANG_ANALYZER_NUMBER_OBJECT_CONVERSION = YES_AGGRESSIVE;
				CLANG_CXX_LANGUAGE_STANDARD = "gnu++20";
				CLANG_ENABLE_MODULES = YES;
				CLANG_ENABLE_OBJC_ARC = YES;
				CLANG_ENABLE_OBJC_WEAK = YES;
				CLANG_WARN_BLOCK_CAPTURE_AUTORELEASING = YES;
				CLANG_WARN_BOOL_CONVERSION = YES;
				CLANG_WARN_COMMA = YES;
				CLANG_WARN_CONSTANT_CONVERSION = YES;
				CLANG_WARN_DEPRECATED_OBJC_IMPLEMENTATIONS = YES;
				CLANG_WARN_DIRECT_OBJC_ISA_USAGE = YES_ERROR;
				CLANG_WARN_DOCUMENTATION_COMMENTS = YES;
				CLANG_WARN_EMPTY_BODY = YES;
				CLANG_WARN_ENUM_CONVERSION = YES;
				CLANG_WARN_INFINITE_RECURSION = YES;
				CLANG_WARN_INT_CONVERSION = YES;
				CLANG_WARN_NON_LITERAL_NULL_CONVERSION = YES;
				CLANG_WARN_OBJC_IMPLICIT_RETAIN_SELF = YES;
				CLANG_WARN_OBJC_LITERAL_CONVERSION = YES;
				CLANG_WARN_OBJC_ROOT_CLASS = YES_ERROR;
				CLANG_WARN_QUOTED_INCLUDE_IN_FRAMEWORK_HEADER = YES;
				CLANG_WARN_RANGE_LOOP_ANALYSIS = YES;
				CLANG_WARN_STRICT_PROTOTYPES = YES;
				CLANG_WARN_SUSPICIOUS_MOVE = YES;
				CLANG_WARN_UNGUARDED_AVAILABILITY = YES_AGGRESSIVE;
				CLANG_WARN_UNREACHABLE_CODE = YES;
				CLANG_WARN__DUPLICATE_METHOD_MATCH = YES;
				COPY_PHASE_STRIP = NO;
				DEBUG_INFORMATION_FORMAT = "dwarf-with-dsym";
				ENABLE_NS_ASSERTIONS = NO;
				ENABLE_STRICT_OBJC_MSGSEND = YES;
				GCC_C_LANGUAGE_STANDARD = gnu11;
				GCC_NO_COMMON_BLOCKS = YES;
				GCC_WARN_64_TO_32_BIT_CONVERSION = YES;
				GCC_WARN_ABOUT_RETURN_TYPE = YES_ERROR;
				GCC_WARN_UNDECLARED_SELECTOR = YES;
				GCC_WARN_UNINITIALIZED_AUTOS = YES_AGGRESSIVE;
				GCC_WARN_UNUSED_FUNCTION = YES;
				GCC_WARN_UNUSED_VARIABLE = YES;
				MTL_ENABLE_DEBUG_INFO = NO;
				MTL_FAST_MATH = YES;
				SWIFT_COMPILATION_MODE = wholemodule;
				SWIFT_OPTIMIZATION_LEVEL = "-O";
			};
			name = Release;
		};
		9246A0902A950E09009D995E /* Debug */ = {
			isa = XCBuildConfiguration;
			buildSettings = {
				ASSETCATALOG_COMPILER_APPICON_NAME = AppIcon;
				ASSETCATALOG_COMPILER_GLOBAL_ACCENT_COLOR_NAME = AccentColor;
				CODE_SIGN_ENTITLEMENTS = mia/mia.entitlements;
				CODE_SIGN_STYLE = Automatic;
				CURRENT_PROJECT_VERSION = 1;
				DEVELOPMENT_ASSET_PATHS = "\"mia/Preview Content\"";
				ENABLE_PREVIEWS = YES;
				GENERATE_INFOPLIST_FILE = YES;
				"INFOPLIST_KEY_UIApplicationSceneManifest_Generation[sdk=iphoneos*]" = YES;
				"INFOPLIST_KEY_UIApplicationSceneManifest_Generation[sdk=iphonesimulator*]" = YES;
				"INFOPLIST_KEY_UIApplicationSupportsIndirectInputEvents[sdk=iphoneos*]" = YES;
				"INFOPLIST_KEY_UIApplicationSupportsIndirectInputEvents[sdk=iphonesimulator*]" = YES;
				"INFOPLIST_KEY_UILaunchScreen_Generation[sdk=iphoneos*]" = YES;
				"INFOPLIST_KEY_UILaunchScreen_Generation[sdk=iphonesimulator*]" = YES;
				"INFOPLIST_KEY_UIStatusBarStyle[sdk=iphoneos*]" = UIStatusBarStyleDefault;
				"INFOPLIST_KEY_UIStatusBarStyle[sdk=iphonesimulator*]" = UIStatusBarStyleDefault;
				INFOPLIST_KEY_UISupportedInterfaceOrientations_iPad = "UIInterfaceOrientationPortrait UIInterfaceOrientationPortraitUpsideDown UIInterfaceOrientationLandscapeLeft UIInterfaceOrientationLandscapeRight";
				INFOPLIST_KEY_UISupportedInterfaceOrientations_iPhone = "UIInterfaceOrientationPortrait UIInterfaceOrientationLandscapeLeft UIInterfaceOrientationLandscapeRight";
				IPHONEOS_DEPLOYMENT_TARGET = 16.4;
				LD_RUNPATH_SEARCH_PATHS = "@executable_path/Frameworks";
				"LD_RUNPATH_SEARCH_PATHS[sdk=macosx*]" = "@executable_path/../Frameworks";
				MACOSX_DEPLOYMENT_TARGET = 13.3;
				MARKETING_VERSION = 1.0;
				PRODUCT_BUNDLE_IDENTIFIER = "mia-zhu.mia";
				PRODUCT_NAME = "$(TARGET_NAME)";
				SDKROOT = auto;
				SUPPORTED_PLATFORMS = "iphoneos iphonesimulator macosx";
				SWIFT_EMIT_LOC_STRINGS = YES;
				SWIFT_VERSION = 5.0;
				TARGETED_DEVICE_FAMILY = "1,2";
			};
			name = Debug;
		};
		9246A0912A950E09009D995E /* Release */ = {
			isa = XCBuildConfiguration;
			buildSettings = {
				ASSETCATALOG_COMPILER_APPICON_NAME = AppIcon;
				ASSETCATALOG_COMPILER_GLOBAL_ACCENT_COLOR_NAME = AccentColor;
				CODE_SIGN_ENTITLEMENTS = mia/mia.entitlements;
				CODE_SIGN_STYLE = Automatic;
				CURRENT_PROJECT_VERSION = 1;
				DEVELOPMENT_ASSET_PATHS = "\"mia/Preview Content\"";
				ENABLE_PREVIEWS = YES;
				GENERATE_INFOPLIST_FILE = YES;
				"INFOPLIST_KEY_UIApplicationSceneManifest_Generation[sdk=iphoneos*]" = YES;
				"INFOPLIST_KEY_UIApplicationSceneManifest_Generation[sdk=iphonesimulator*]" = YES;
				"INFOPLIST_KEY_UIApplicationSupportsIndirectInputEvents[sdk=iphoneos*]" = YES;
				"INFOPLIST_KEY_UIApplicationSupportsIndirectInputEvents[sdk=iphonesimulator*]" = YES;
				"INFOPLIST_KEY_UILaunchScreen_Generation[sdk=iphoneos*]" = YES;
				"INFOPLIST_KEY_UILaunchScreen_Generation[sdk=iphonesimulator*]" = YES;
				"INFOPLIST_KEY_UIStatusBarStyle[sdk=iphoneos*]" = UIStatusBarStyleDefault;
				"INFOPLIST_KEY_UIStatusBarStyle[sdk=iphonesimulator*]" = UIStatusBarStyleDefault;
				INFOPLIST_KEY_UISupportedInterfaceOrientations_iPad = "UIInterfaceOrientationPortrait UIInterfaceOrientationPortraitUpsideDown UIInterfaceOrientationLandscapeLeft UIInterfaceOrientationLandscapeRight";
				INFOPLIST_KEY_UISupportedInterfaceOrientations_iPhone = "UIInterfaceOrientationPortrait UIInterfaceOrientationLandscapeLeft UIInterfaceOrientationLandscapeRight";
				IPHONEOS_DEPLOYMENT_TARGET = 16.4;
				LD_RUNPATH_SEARCH_PATHS = "@executable_path/Frameworks";
				"LD_RUNPATH_SEARCH_PATHS[sdk=macosx*]" = "@executable_path/../Frameworks";
				MACOSX_DEPLOYMENT_TARGET = 13.3;
				MARKETING_VERSION = 1.0;
				PRODUCT_BUNDLE_IDENTIFIER = "mia-zhu.mia";
				PRODUCT_NAME = "$(TARGET_NAME)";
				SDKROOT = auto;
				SUPPORTED_PLATFORMS = "iphoneos iphonesimulator macosx";
				SWIFT_EMIT_LOC_STRINGS = YES;
				SWIFT_VERSION = 5.0;
				TARGETED_DEVICE_FAMILY = "1,2";
			};
			name = Release;
		};
		9246A0932A950E09009D995E /* Debug */ = {
			isa = XCBuildConfiguration;
			buildSettings = {
				ALWAYS_EMBED_SWIFT_STANDARD_LIBRARIES = YES;
				BUNDLE_LOADER = "$(TEST_HOST)";
				CODE_SIGN_STYLE = Automatic;
				CURRENT_PROJECT_VERSION = 1;
				GENERATE_INFOPLIST_FILE = YES;
				IPHONEOS_DEPLOYMENT_TARGET = 16.4;
				MACOSX_DEPLOYMENT_TARGET = 13.3;
				MARKETING_VERSION = 1.0;
				PRODUCT_BUNDLE_IDENTIFIER = "mia-zhu.miaTests";
				PRODUCT_NAME = "$(TARGET_NAME)";
				SDKROOT = auto;
				SUPPORTED_PLATFORMS = "iphoneos iphonesimulator macosx";
				SWIFT_EMIT_LOC_STRINGS = NO;
				SWIFT_VERSION = 5.0;
				TARGETED_DEVICE_FAMILY = "1,2";
				TEST_HOST = "$(BUILT_PRODUCTS_DIR)/mia.app/$(BUNDLE_EXECUTABLE_FOLDER_PATH)/mia";
			};
			name = Debug;
		};
		9246A0942A950E09009D995E /* Release */ = {
			isa = XCBuildConfiguration;
			buildSettings = {
				ALWAYS_EMBED_SWIFT_STANDARD_LIBRARIES = YES;
				BUNDLE_LOADER = "$(TEST_HOST)";
				CODE_SIGN_STYLE = Automatic;
				CURRENT_PROJECT_VERSION = 1;
				GENERATE_INFOPLIST_FILE = YES;
				IPHONEOS_DEPLOYMENT_TARGET = 16.4;
				MACOSX_DEPLOYMENT_TARGET = 13.3;
				MARKETING_VERSION = 1.0;
				PRODUCT_BUNDLE_IDENTIFIER = "mia-zhu.miaTests";
				PRODUCT_NAME = "$(TARGET_NAME)";
				SDKROOT = auto;
				SUPPORTED_PLATFORMS = "iphoneos iphonesimulator macosx";
				SWIFT_EMIT_LOC_STRINGS = NO;
				SWIFT_VERSION = 5.0;
				TARGETED_DEVICE_FAMILY = "1,2";
				TEST_HOST = "$(BUILT_PRODUCTS_DIR)/mia.app/$(BUNDLE_EXECUTABLE_FOLDER_PATH)/mia";
			};
			name = Release;
		};
		9246A0962A950E09009D995E /* Debug */ = {
			isa = XCBuildConfiguration;
			buildSettings = {
				ALWAYS_EMBED_SWIFT_STANDARD_LIBRARIES = YES;
				CODE_SIGN_STYLE = Automatic;
				CURRENT_PROJECT_VERSION = 1;
				GENERATE_INFOPLIST_FILE = YES;
				IPHONEOS_DEPLOYMENT_TARGET = 16.4;
				MACOSX_DEPLOYMENT_TARGET = 13.3;
				MARKETING_VERSION = 1.0;
				PRODUCT_BUNDLE_IDENTIFIER = "mia-zhu.miaUITests";
				PRODUCT_NAME = "$(TARGET_NAME)";
				SDKROOT = auto;
				SUPPORTED_PLATFORMS = "iphoneos iphonesimulator macosx";
				SWIFT_EMIT_LOC_STRINGS = NO;
				SWIFT_VERSION = 5.0;
				TARGETED_DEVICE_FAMILY = "1,2";
				TEST_TARGET_NAME = mia;
			};
			name = Debug;
		};
		9246A0972A950E09009D995E /* Release */ = {
			isa = XCBuildConfiguration;
			buildSettings = {
				ALWAYS_EMBED_SWIFT_STANDARD_LIBRARIES = YES;
				CODE_SIGN_STYLE = Automatic;
				CURRENT_PROJECT_VERSION = 1;
				GENERATE_INFOPLIST_FILE = YES;
				IPHONEOS_DEPLOYMENT_TARGET = 16.4;
				MACOSX_DEPLOYMENT_TARGET = 13.3;
				MARKETING_VERSION = 1.0;
				PRODUCT_BUNDLE_IDENTIFIER = "mia-zhu.miaUITests";
				PRODUCT_NAME = "$(TARGET_NAME)";
				SDKROOT = auto;
				SUPPORTED_PLATFORMS = "iphoneos iphonesimulator macosx";
				SWIFT_EMIT_LOC_STRINGS = NO;
				SWIFT_VERSION = 5.0;
				TARGETED_DEVICE_FAMILY = "1,2";
				TEST_TARGET_NAME = mia;
			};
			name = Release;
		};
/* End XCBuildConfiguration section */

/* Begin XCConfigurationList section */
		9246A0652A950E07009D995E /* Build configuration list for PBXProject "mia" */ = {
			isa = XCConfigurationList;
			buildConfigurations = (
				9246A08D2A950E09009D995E /* Debug */,
				9246A08E2A950E09009D995E /* Release */,
			);
			defaultConfigurationIsVisible = 0;
			defaultConfigurationName = Release;
		};
		9246A08F2A950E09009D995E /* Build configuration list for PBXNativeTarget "mia" */ = {
			isa = XCConfigurationList;
			buildConfigurations = (
				9246A0902A950E09009D995E /* Debug */,
				9246A0912A950E09009D995E /* Release */,
			);
			defaultConfigurationIsVisible = 0;
			defaultConfigurationName = Release;
		};
		9246A0922A950E09009D995E /* Build configuration list for PBXNativeTarget "miaTests" */ = {
			isa = XCConfigurationList;
			buildConfigurations = (
				9246A0932A950E09009D995E /* Debug */,
				9246A0942A950E09009D995E /* Release */,
			);
			defaultConfigurationIsVisible = 0;
			defaultConfigurationName = Release;
		};
		9246A0952A950E09009D995E /* Build configuration list for PBXNativeTarget "miaUITests" */ = {
			isa = XCConfigurationList;
			buildConfigurations = (
				9246A0962A950E09009D995E /* Debug */,
				9246A0972A950E09009D995E /* Release */,
			);
			defaultConfigurationIsVisible = 0;
			defaultConfigurationName = Release;
		};
/* End XCConfigurationList section */
	};
	rootObject = 9246A0622A950E07009D995E /* Project object */;
}
